# This file is automatically @generated by Cargo.
# It is not intended for manual editing.
version = 4

[[package]]
name = "packtok-bench"
version = "0.1.0"
dependencies = [
 "packtok-format",
 "packtok-tokenizer",
 "packtok-train",
]

[[package]]
name = "packtok-cli"
version = "0.1.0"
dependencies = [
 "packtok-core",
 "packtok-format",
 "packtok-tokenizer",
 "packtok-train",
]

[[package]]
name = "packtok-core"
version = "0.1.0"

[[package]]
name = "packtok-format"
version = "0.1.0"
dependencies = [
 "packtok-core",
]

[[package]]
name = "packtok-tokenizer"
version = "0.1.0"
dependencies = [
 "packtok-core",
 "packtok-format",
]

[[package]]
name = "packtok-train"
version = "0.1.0"
dependencies = [
 "packtok-core",
 "packtok-format",
 "packtok-tokenizer",
]
