# This file is automatically @generated by Cargo.
# It is not intended for manual editing.
version = 4

[[package]]
name = "packtok-core"
version = "0.1.0"

[[package]]
name = "packtok-model"
version = "0.1.0"
dependencies = [
 "packtok-core",
]

[[package]]
name = "packtok-pre-gpu-review-probe"
version = "0.0.0"
dependencies = [
 "packtok-core",
 "packtok-model",
]
